{
  "nodes": {
    "base16": {
      "inputs": {
        "fromYaml": "fromYaml"
      },
      "locked": {
        "lastModified": 1732200724,
        "narHash": "sha256-+R1BH5wHhfnycySb7Sy5KbYEaTJZWm1h+LW1OtyhiTs=",
        "owner": "SenchoPens",
        "repo": "base16.nix",
        "rev": "153d52373b0fb2d343592871009a286ec8837aec",
        "type": "github"
      },
      "original": {
        "owner": "SenchoPens",
        "repo": "base16.nix",
        "type": "github"
      }
    },
    "base16-fish": {
      "flake": false,
      "locked": {
        "lastModified": 1622559957,
        "narHash": "sha256-PebymhVYbL8trDVVXxCvZgc0S5VxI7I1Hv4RMSquTpA=",
        "owner": "tomyun",
        "repo": "base16-fish",
        "rev": "2f6dd973a9075dabccd26f1cded09508180bf5fe",
        "type": "github"
      },
      "original": {
        "owner": "tomyun",
        "repo": "base16-fish",
        "type": "github"
      }
    },
    "base16-helix": {
      "flake": false,
      "locked": {
        "lastModified": 1725860795,
        "narHash": "sha256-Z2o8VBPW3I+KKTSfe25kskz0EUj7MpUh8u355Z1nVsU=",
        "owner": "tinted-theming",
        "repo": "base16-helix",
        "rev": "7f795bf75d38e0eea9fed287264067ca187b88a9",
        "type": "github"
      },
      "original": {
        "owner": "tinted-theming",
        "repo": "base16-helix",
        "type": "github"
      }
    },
    "base16-vim": {
      "flake": false,
      "locked": {
        "lastModified": 1731949548,
        "narHash": "sha256-XIDexXM66sSh5j/x70e054BnUsviibUShW7XhbDGhYo=",
        "owner": "tinted-theming",
        "repo": "base16-vim",
        "rev": "61165b1632409bd55e530f3dbdd4477f011cadc6",
        "type": "github"
      },
      "original": {
        "owner": "tinted-theming",
        "repo": "base16-vim",
        "type": "github"
      }
    },
    "brew-src": {
      "flake": false,
      "locked": {
        "lastModified": 1731323744,
        "narHash": "sha256-SxUQm4cTHcaoPQHoXe26ZV8cZiMWBGow8MjE4L+MckM=",
        "owner": "Homebrew",
        "repo": "brew",
        "rev": "254bf3fe9d8fa2e1b2fb55dbcf535b2d870180c4",
        "type": "github"
      },
      "original": {
        "owner": "Homebrew",
        "ref": "4.4.5",
        "repo": "brew",
        "type": "github"
      }
    },
    "firefox-gnome-theme": {
      "flake": false,
      "locked": {
        "lastModified": 1734969791,
        "narHash": "sha256-A9PxLienMYJ/WUvqFie9qXrNC2MeRRYw7TG/q7DRjZg=",
        "owner": "rafaelmardojai",
        "repo": "firefox-gnome-theme",
        "rev": "92f4890bd150fc9d97b61b3583680c0524a8cafe",
        "type": "github"
      },
      "original": {
        "owner": "rafaelmardojai",
        "repo": "firefox-gnome-theme",
        "type": "github"
      }
    },
    "flake-compat": {
      "flake": false,
      "locked": {
        "lastModified": 1696426674,
        "narHash": "sha256-kvjfFW7WAETZlt09AgDn1MrtKzP7t90Vf7vypd3OL1U=",
        "owner": "edolstra",
        "repo": "flake-compat",
        "rev": "0f9255e01c2351cc7d116c072cb317785dd33b33",
        "type": "github"
      },
      "original": {
        "owner": "edolstra",
        "repo": "flake-compat",
        "type": "github"
      }
    },
    "flake-utils": {
      "inputs": {
        "systems": [
          "stylix",
          "systems"
        ]
      },
      "locked": {
        "lastModified": 1731533236,
        "narHash": "sha256-l0KFg5HjrsfsO/JpG+r7fRrqm12kzFHyUHqHCVpMMbI=",
        "owner": "numtide",
        "repo": "flake-utils",
        "rev": "11707dc2f618dd54ca8739b309ec4fc024de578b",
        "type": "github"
      },
      "original": {
        "owner": "numtide",
        "repo": "flake-utils",
        "type": "github"
      }
    },
    "fromYaml": {
      "flake": false,
      "locked": {
        "lastModified": 1731966426,
        "narHash": "sha256-lq95WydhbUTWig/JpqiB7oViTcHFP8Lv41IGtayokA8=",
        "owner": "SenchoPens",
        "repo": "fromYaml",
        "rev": "106af9e2f715e2d828df706c386a685698f3223b",
        "type": "github"
      },
      "original": {
        "owner": "SenchoPens",
        "repo": "fromYaml",
        "type": "github"
      }
    },
    "git-hooks": {
      "inputs": {
        "flake-compat": [
          "stylix",
          "flake-compat"
        ],
        "gitignore": "gitignore",
        "nixpkgs": [
          "stylix",
          "nixpkgs"
        ],
        "nixpkgs-stable": [
          "stylix",
          "git-hooks",
          "nixpkgs"
        ]
      },
      "locked": {
        "lastModified": 1731363552,
        "narHash": "sha256-vFta1uHnD29VUY4HJOO/D6p6rxyObnf+InnSMT4jlMU=",
        "owner": "cachix",
        "repo": "git-hooks.nix",
        "rev": "cd1af27aa85026ac759d5d3fccf650abe7e1bbf0",
        "type": "github"
      },
      "original": {
        "owner": "cachix",
        "repo": "git-hooks.nix",
        "type": "github"
      }
    },
    "gitignore": {
      "inputs": {
        "nixpkgs": [
          "stylix",
          "git-hooks",
          "nixpkgs"
        ]
      },
      "locked": {
        "lastModified": 1709087332,
        "narHash": "sha256-HG2cCnktfHsKV0s4XW83gU3F57gaTljL9KNSuG6bnQs=",
        "owner": "hercules-ci",
        "repo": "gitignore.nix",
        "rev": "637db329424fd7e46cf4185293b9cc8c88c95394",
        "type": "github"
      },
      "original": {
        "owner": "hercules-ci",
        "repo": "gitignore.nix",
        "type": "github"
      }
    },
    "gnome-shell": {
      "flake": false,
      "locked": {
        "lastModified": 1732369855,
        "narHash": "sha256-JhUWbcYPjHO3Xs3x9/Z9RuqXbcp5yhPluGjwsdE2GMg=",
        "owner": "GNOME",
        "repo": "gnome-shell",
        "rev": "dadd58f630eeea41d645ee225a63f719390829dc",
        "type": "github"
      },
      "original": {
        "owner": "GNOME",
        "ref": "47.2",
        "repo": "gnome-shell",
        "type": "github"
      }
    },
    "home-manager": {
      "inputs": {
        "nixpkgs": [
          "nixpkgs"
        ]
      },
      "locked": {
        "lastModified": 1736421950,
        "narHash": "sha256-RyrX0WFXxFrYvzHNLTIyuk3NcNl3UBykuYru/P0zW5E=",
        "owner": "nix-community",
        "repo": "home-manager",
        "rev": "d4aebb947a301b8da8654a804979a738c5c5da50",
        "type": "github"
      },
      "original": {
        "owner": "nix-community",
        "repo": "home-manager",
        "type": "github"
      }
    },
    "macApps": {
      "inputs": {
        "nixpkgs": "nixpkgs"
      },
      "locked": {
        "lastModified": 1717830575,
        "narHash": "sha256-oSSCAflVpEUyRDhVdeK6va/1ZFd0+3fcZBZ6pynHLUY=",
        "owner": "NewDawn0",
        "repo": "macAppsArchive",
        "rev": "e376a45870d1e87064975ff32bd7ed6ca540bd01",
        "type": "github"
      },
      "original": {
        "owner": "NewDawn0",
        "repo": "macAppsArchive",
        "type": "github"
      }
    },
    "ndnvim": {
      "inputs": {
        "nix-systems": "nix-systems",
        "nixpkgs": "nixpkgs_2",
        "nixpkgs-unstable": "nixpkgs-unstable",
        "treesitter-pinned": "treesitter-pinned"
      },
      "locked": {
        "lastModified": 1736464246,
        "narHash": "sha256-rS12WGZX9m3IV1/O/sbf9hsgKO/DeV6BZymtYI0Ff90=",
        "owner": "NewDawn0",
        "repo": "ND-Nvim",
        "rev": "b39e85cf76d5ac2208cac192c696ef56bbd46179",
        "type": "github"
      },
      "original": {
        "owner": "NewDawn0",
        "repo": "ND-Nvim",
        "type": "github"
      }
    },
    "nix-darwin": {
      "inputs": {
        "nixpkgs": [
          "nixpkgs"
        ]
      },
      "locked": {
        "lastModified": 1736370755,
        "narHash": "sha256-iWcjToBpx4PUd74uqvIGAfqqVfyrvRLRauC/SxEKIF0=",
        "owner": "LnL7",
        "repo": "nix-darwin",
        "rev": "57733bd1dc81900e13438e5b4439239f1b29db0e",
        "type": "github"
      },
      "original": {
        "owner": "LnL7",
        "repo": "nix-darwin",
        "type": "github"
      }
    },
    "nix-darwin_2": {
      "inputs": {
        "nixpkgs": "nixpkgs_4"
      },
      "locked": {
        "lastModified": 1716329735,
        "narHash": "sha256-ap51w+VqG21vuzyQ04WrhI2YbWHd3UGz0e7dc/QQmoA=",
        "owner": "LnL7",
        "repo": "nix-darwin",
        "rev": "eac4f25028c1975a939c8f8fba95c12f8a25e01c",
        "type": "github"
      },
      "original": {
        "owner": "LnL7",
        "repo": "nix-darwin",
        "type": "github"
      }
    },
    "nix-homebrew": {
      "inputs": {
        "brew-src": "brew-src",
        "nix-darwin": "nix-darwin_2",
        "nixpkgs": "nixpkgs_5"
      },
      "locked": {
        "lastModified": 1736041957,
        "narHash": "sha256-Kk/cVtkxwfHNoB6nINUarMLTtyAEvH+ohzxKBptMzzg=",
        "owner": "zhaofengli-wip",
        "repo": "nix-homebrew",
        "rev": "a6d99cc7436fc18c097b3536d9c45c0548c694c8",
        "type": "github"
      },
      "original": {
        "owner": "zhaofengli-wip",
        "repo": "nix-homebrew",
        "type": "github"
      }
    },
    "nix-systems": {
      "locked": {
        "lastModified": 1681028828,
        "narHash": "sha256-Vy1rq5AaRuLzOxct8nz4T6wlgyUR7zLU309k9mBC768=",
        "owner": "nix-systems",
        "repo": "default",
        "rev": "da67096a3b9bf56a91d16901293e51ba5b49a27e",
        "type": "github"
      },
      "original": {
        "owner": "nix-systems",
        "repo": "default",
        "type": "github"
      }
    },
    "nix-systems_2": {
      "locked": {
        "lastModified": 1681028828,
        "narHash": "sha256-Vy1rq5AaRuLzOxct8nz4T6wlgyUR7zLU309k9mBC768=",
        "owner": "nix-systems",
        "repo": "default",
        "rev": "da67096a3b9bf56a91d16901293e51ba5b49a27e",
        "type": "github"
      },
      "original": {
        "owner": "nix-systems",
        "repo": "default",
        "type": "github"
      }
    },
    "nixpkgs": {
      "locked": {
        "lastModified": 1713995654,
        "narHash": "sha256-S+4C0H9w7H9tSv1RviD/otsTmf1ECuxJMJ/j1t9gjPE=",
        "owner": "nixos",
        "repo": "nixpkgs",
        "rev": "ce6da85c2dc9e659bef799c2ed053771e1bb8ee3",
        "type": "github"
      },
      "original": {
        "owner": "nixos",
        "repo": "nixpkgs",
        "type": "github"
      }
    },
    "nixpkgs-unstable": {
      "locked": {
        "lastModified": 1731676054,
        "narHash": "sha256-OZiZ3m8SCMfh3B6bfGC/Bm4x3qc1m2SVEAlkV6iY7Yg=",
        "owner": "nixos",
        "repo": "nixpkgs",
        "rev": "5e4fbfb6b3de1aa2872b76d49fafc942626e2add",
        "type": "github"
      },
      "original": {
        "owner": "nixos",
        "ref": "nixos-unstable",
        "repo": "nixpkgs",
        "type": "github"
      }
    },
    "nixpkgs-unstable_2": {
      "locked": {
        "lastModified": 1736344531,
        "narHash": "sha256-8YVQ9ZbSfuUk2bUf2KRj60NRraLPKPS0Q4QFTbc+c2c=",
        "owner": "nixos",
        "repo": "nixpkgs",
        "rev": "bffc22eb12172e6db3c5dde9e3e5628f8e3e7912",
        "type": "github"
      },
      "original": {
        "owner": "nixos",
        "ref": "nixos-unstable",
        "repo": "nixpkgs",
        "type": "github"
      }
    },
    "nixpkgs_2": {
      "locked": {
        "lastModified": 1731975645,
        "narHash": "sha256-oICuoDypU9lL+f6Cg/QJ4q1CyCCE566Dx8ihnVvto8o=",
        "owner": "nixos",
        "repo": "nixpkgs",
        "rev": "b0d941edb4ceb521b310a08645de08b4c95142f0",
        "type": "github"
      },
      "original": {
        "owner": "nixos",
        "repo": "nixpkgs",
        "type": "github"
      }
    },
    "nixpkgs_3": {
      "locked": {
        "lastModified": 1731975645,
        "narHash": "sha256-oICuoDypU9lL+f6Cg/QJ4q1CyCCE566Dx8ihnVvto8o=",
        "owner": "nixos",
        "repo": "nixpkgs",
        "rev": "b0d941edb4ceb521b310a08645de08b4c95142f0",
        "type": "github"
      },
      "original": {
        "owner": "nixos",
        "repo": "nixpkgs",
        "type": "github"
      }
    },
    "nixpkgs_4": {
      "locked": {
        "lastModified": 1687274257,
        "narHash": "sha256-TutzPriQcZ8FghDhEolnHcYU2oHIG5XWF+/SUBNnAOE=",
        "path": "/nix/store/22qgs3skscd9bmrxv9xv4q5d4wwm5ppx-source",
        "rev": "2c9ecd1f0400076a4d6b2193ad468ff0a7e7fdc5",
        "type": "path"
      },
      "original": {
        "id": "nixpkgs",
        "type": "indirect"
      }
    },
    "nixpkgs_5": {
      "locked": {
        "lastModified": 1716330097,
        "narHash": "sha256-8BO3B7e3BiyIDsaKA0tY8O88rClYRTjvAp66y+VBUeU=",
        "owner": "NixOS",
        "repo": "nixpkgs",
        "rev": "5710852ba686cc1fd0d3b8e22b3117d43ba374c2",
        "type": "github"
      },
      "original": {
        "owner": "NixOS",
        "ref": "nixos-unstable",
        "repo": "nixpkgs",
        "type": "github"
      }
    },
    "nixpkgs_6": {
      "locked": {
        "lastModified": 1736464216,
        "narHash": "sha256-Xjd6ghbNZvpuyYLdsBwXu57zOB3YrehHJYyyQLkVqks=",
        "owner": "nixos",
        "repo": "nixpkgs",
        "rev": "9d2feae3b3faf3ead0023a986a5da21f65665ed4",
        "type": "github"
      },
      "original": {
        "owner": "nixos",
        "repo": "nixpkgs",
        "type": "github"
      }
    },
    "nixpkgs_7": {
      "locked": {
        "lastModified": 1732470496,
        "narHash": "sha256-/0eevlsmdShzeoQAC38LLoaMN1KyrGP0mPzr5PId09A=",
        "owner": "nixos",
        "repo": "nixpkgs",
        "rev": "924dd674814aaf618e329dd252e07f9a083c5f20",
        "type": "github"
      },
      "original": {
        "owner": "nixos",
        "repo": "nixpkgs",
        "type": "github"
      }
    },
    "pac": {
      "inputs": {
        "nixpkgs": "nixpkgs_7"
      },
      "locked": {
        "lastModified": 1736539621,
        "narHash": "sha256-H7/eFRi3ilkFtXU+xgPn//5tLzxdcDp/q7GsmHgGtVo=",
        "owner": "NewDawn0",
        "repo": "pac",
        "rev": "b34f615b2034c5dd93d6d5d11b7d26b996e4f4e0",
        "type": "github"
      },
      "original": {
        "owner": "NewDawn0",
        "repo": "pac",
        "type": "github"
      }
    },
    "root": {
      "inputs": {
        "home-manager": "home-manager",
        "macApps": "macApps",
        "ndnvim": "ndnvim",
        "nix-darwin": "nix-darwin",
        "nix-homebrew": "nix-homebrew",
        "nix-systems": "nix-systems_2",
        "nixpkgs": "nixpkgs_6",
        "nixpkgs-unstable": "nixpkgs-unstable_2",
        "pac": "pac",
        "stylix": "stylix"
      }
    },
    "stylix": {
      "inputs": {
        "base16": "base16",
        "base16-fish": "base16-fish",
        "base16-helix": "base16-helix",
        "base16-vim": "base16-vim",
        "firefox-gnome-theme": "firefox-gnome-theme",
        "flake-compat": "flake-compat",
        "flake-utils": "flake-utils",
        "git-hooks": "git-hooks",
        "gnome-shell": "gnome-shell",
        "home-manager": [
          "home-manager"
        ],
        "nixpkgs": [
          "nixpkgs"
        ],
        "systems": "systems",
        "tinted-foot": "tinted-foot",
        "tinted-kitty": "tinted-kitty",
        "tinted-tmux": "tinted-tmux",
        "tinted-zed": "tinted-zed"
      },
      "locked": {
        "lastModified": 1736300059,
        "narHash": "sha256-z3mR+0gBN/iVM8UgfCSIxjgw4jm1bu1kjMKyQx9mGBc=",
        "owner": "danth",
        "repo": "stylix",
        "rev": "168306ce7f5d823ccee8b7d4e112ea20671c2b8f",
        "type": "github"
      },
      "original": {
        "owner": "danth",
        "repo": "stylix",
        "type": "github"
      }
    },
    "systems": {
      "locked": {
        "lastModified": 1681028828,
        "narHash": "sha256-Vy1rq5AaRuLzOxct8nz4T6wlgyUR7zLU309k9mBC768=",
        "owner": "nix-systems",
        "repo": "default",
        "rev": "da67096a3b9bf56a91d16901293e51ba5b49a27e",
        "type": "github"
      },
      "original": {
        "owner": "nix-systems",
        "repo": "default",
        "type": "github"
      }
    },
    "tinted-foot": {
      "flake": false,
      "locked": {
        "lastModified": 1726913040,
        "narHash": "sha256-+eDZPkw7efMNUf3/Pv0EmsidqdwNJ1TaOum6k7lngDQ=",
        "owner": "tinted-theming",
        "repo": "tinted-foot",
        "rev": "fd1b924b6c45c3e4465e8a849e67ea82933fcbe4",
        "type": "github"
      },
      "original": {
        "owner": "tinted-theming",
        "repo": "tinted-foot",
        "rev": "fd1b924b6c45c3e4465e8a849e67ea82933fcbe4",
        "type": "github"
      }
    },
    "tinted-kitty": {
      "flake": false,
      "locked": {
        "lastModified": 1716423189,
        "narHash": "sha256-2xF3sH7UIwegn+2gKzMpFi3pk5DlIlM18+vj17Uf82U=",
        "owner": "tinted-theming",
        "repo": "tinted-kitty",
        "rev": "eb39e141db14baef052893285df9f266df041ff8",
        "type": "github"
      },
      "original": {
        "owner": "tinted-theming",
        "repo": "tinted-kitty",
        "rev": "eb39e141db14baef052893285df9f266df041ff8",
        "type": "github"
      }
    },
    "tinted-tmux": {
      "flake": false,
      "locked": {
        "lastModified": 1729501581,
        "narHash": "sha256-1ohEFMC23elnl39kxWnjzH1l2DFWWx4DhFNNYDTYt54=",
        "owner": "tinted-theming",
        "repo": "tinted-tmux",
        "rev": "f0e7f7974a6441033eb0a172a0342e96722b4f14",
        "type": "github"
      },
      "original": {
        "owner": "tinted-theming",
        "repo": "tinted-tmux",
        "type": "github"
      }
    },
    "tinted-zed": {
      "flake": false,
      "locked": {
        "lastModified": 1725758778,
        "narHash": "sha256-8P1b6mJWyYcu36WRlSVbuj575QWIFZALZMTg5ID/sM4=",
        "owner": "tinted-theming",
        "repo": "base16-zed",
        "rev": "122c9e5c0e6f27211361a04fae92df97940eccf9",
        "type": "github"
      },
      "original": {
        "owner": "tinted-theming",
        "repo": "base16-zed",
        "type": "github"
      }
    },
    "treesitter-pinned": {
      "inputs": {
        "nix-systems": [
          "ndnvim",
          "nix-systems"
        ],
        "nixpkgs": "nixpkgs_3"
      },
      "locked": {
        "lastModified": 1732558869,
        "narHash": "sha256-qFtXhoi9vPIawsQBOg54geSL9d3P/zLziX3kTq4llMs=",
        "owner": "NewDawn0",
        "repo": "treesitterPinnedNdnvim",
        "rev": "180ba9aaccfc494f81a4572fe06fbc3d30bd1993",
        "type": "github"
      },
      "original": {
        "owner": "NewDawn0",
        "repo": "treesitterPinnedNdnvim",
        "type": "github"
      }
    }
  },
  "root": "root",
  "version": 7
}
